// !$*UTF8*$!
{
	archiveVersion = 1;
	classes = {
	};
	objectVersion = 46;
	objects = {

/* Begin PBXBuildFile section */
		E7432CE51BF0651800874E19 /* AppDelegate.swift in Sources */ = {isa = PBXBuildFile; fileRef = E7432CE41BF0651800874E19 /* AppDelegate.swift */; };
		E7432CE71BF0651800874E19 /* ViewController.swift in Sources */ = {isa = PBXBuildFile; fileRef = E7432CE61BF0651800874E19 /* ViewController.swift */; };
		E7432CEA1BF0651800874E19 /* Main.storyboard in Resources */ = {isa = PBXBuildFile; fileRef = E7432CE81BF0651800874E19 /* Main.storyboard */; };
		E7432CEC1BF0651800874E19 /* Images.xcassets in Resources */ = {isa = PBXBuildFile; fileRef = E7432CEB1BF0651800874E19 /* Images.xcassets */; };
		E7432CEF1BF0651800874E19 /* LaunchScreen.xib in Resources */ = {isa = PBXBuildFile; fileRef = E7432CED1BF0651800874E19 /* LaunchScreen.xib */; };
		E7432CFB1BF0651900874E19 /* dating_appTests.swift in Sources */ = {isa = PBXBuildFile; fileRef = E7432CFA1BF0651900874E19 /* dating_appTests.swift */; };
/* End PBXBuildFile section */

/* Begin PBXContainerItemProxy section */
		E7432CF51BF0651900874E19 /* PBXContainerItemProxy */ = {
			isa = PBXContainerItemProxy;
			containerPortal = E7432CD71BF0651800874E19 /* Project object */;
			proxyType = 1;
			remoteGlobalIDString = E7432CDE1BF0651800874E19;
			remoteInfo = dating_app;
		};
/* End PBXContainerItemProxy section */

/* Begin PBXFileReference section */
		E7432CDF1BF0651800874E19 /* dating_app.app */ = {isa = PBXFileReference; explicitFileType = wrapper.application; includeInIndex = 0; path = dating_app.app; sourceTree = BUILT_PRODUCTS_DIR; };
		E7432CE31BF0651800874E19 /* Info.plist */ = {isa = PBXFileReference; lastKnownFileType = text.plist.xml; path = Info.plist; sourceTree = "<group>"; };
		E7432CE41BF0651800874E19 /* AppDelegate.swift */ = {isa = PBXFileReference; lastKnownFileType = sourcecode.swift; path = AppDelegate.swift; sourceTree = "<group>"; };
		E7432CE61BF0651800874E19 /* ViewController.swift */ = {isa = PBXFileReference; lastKnownFileType = sourcecode.swift; path = ViewController.swift; sourceTree = "<group>"; };
		E7432CE91BF0651800874E19 /* Base */ = {isa = PBXFileReference; lastKnownFileType = file.storyboard; name = Base; path = Base.lproj/Main.storyboard; sourceTree = "<group>"; };
		E7432CEB1BF0651800874E19 /* Images.xcassets */ = {isa = PBXFileReference; lastKnownFileType = folder.assetcatalog; path = Images.xcassets; sourceTree = "<group>"; };
		E7432CEE1BF0651800874E19 /* Base */ = {isa = PBXFileReference; lastKnownFileType = file.xib; name = Base; path = Base.lproj/LaunchScreen.xib; sourceTree = "<group>"; };
		E7432CF41BF0651900874E19 /* dating_appTests.xctest */ = {isa = PBXFileReference; explicitFileType = wrapper.cfbundle; includeInIndex = 0; path = dating_appTests.xctest; sourceTree = BUILT_PRODUCTS_DIR; };
		E7432CF91BF0651900874E19 /* Info.plist */ = {isa = PBXFileReference; lastKnownFileType = text.plist.xml; path = Info.plist; sourceTree = "<group>"; };
		E7432CFA1BF0651900874E19 /* dating_appTests.swift */ = {isa = PBXFileReference; lastKnownFileType = sourcecode.swift; path = dating_appTests.swift; sourceTree = "<group>"; };
/* End PBXFileReference section */

/* Begin PBXFrameworksBuildPhase section */
		E7432CDC1BF0651800874E19 /* Frameworks */ = {
			isa = PBXFrameworksBuildPhase;
			buildActionMask = 2147483647;
			files = (
			);
			runOnlyForDeploymentPostprocessing = 0;
		};
		E7432CF11BF0651900874E19 /* Frameworks */ = {
			isa = PBXFrameworksBuildPhase;
			buildActionMask = 2147483647;
			files = (
			);
			runOnlyForDeploymentPostprocessing = 0;
		};
/* End PBXFrameworksBuildPhase section */

/* Begin PBXGroup section */
		E7432CD61BF0651800874E19 = {
			isa = PBXGroup;
			children = (
				E7432CE11BF0651800874E19 /* dating_app */,
				E7432CF71BF0651900874E19 /* dating_appTests */,
				E7432CE01BF0651800874E19 /* Products */,
			);
			sourceTree = "<group>";
		};
		E7432CE01BF0651800874E19 /* Products */ = {
			isa = PBXGroup;
			children = (
				E7432CDF1BF0651800874E19 /* dating_app.app */,
				E7432CF41BF0651900874E19 /* dating_appTests.xctest */,
			);
			name = Products;
			sourceTree = "<group>";
		};
		E7432CE11BF0651800874E19 /* dating_app */ = {
			isa = PBXGroup;
			children = (
				E7432CE41BF0651800874E19 /* AppDelegate.swift */,
				E7432CE61BF0651800874E19 /* ViewController.swift */,
				E7432CE81BF0651800874E19 /* Main.storyboard */,
				E7432CEB1BF0651800874E19 /* Images.xcassets */,
				E7432CED1BF0651800874E19 /* LaunchScreen.xib */,
				E7432CE21BF0651800874E19 /* Supporting Files */,
			);
			path = dating_app;
			sourceTree = "<group>";
		};
		E7432CE21BF0651800874E19 /* Supporting Files */ = {
			isa = PBXGroup;
			children = (
				E7432CE31BF0651800874E19 /* Info.plist */,
			);
			name = "Supporting Files";
			sourceTree = "<group>";
		};
		E7432CF71BF0651900874E19 /* dating_appTests */ = {
			isa = PBXGroup;
			children = (
				E7432CFA1BF0651900874E19 /* dating_appTests.swift */,
				E7432CF81BF0651900874E19 /* Supporting Files */,
			);
			path = dating_appTests;
			sourceTree = "<group>";
		};
		E7432CF81BF0651900874E19 /* Supporting Files */ = {
			isa = PBXGroup;
			children = (
				E7432CF91BF0651900874E19 /* Info.plist */,
			);
			name = "Supporting Files";
			sourceTree = "<group>";
		};
/* End PBXGroup section */

/* Begin PBXNativeTarget section */
		E7432CDE1BF0651800874E19 /* dating_app */ = {
			isa = PBXNativeTarget;
			buildConfigurationList = E7432CFE1BF0651900874E19 /* Build configuration list for PBXNativeTarget "dating_app" */;
			buildPhases = (
				E7432CDB1BF0651800874E19 /* Sources */,
				E7432CDC1BF0651800874E19 /* Frameworks */,
				E7432CDD1BF0651800874E19 /* Resources */,
			);
			buildRules = (
			);
			dependencies = (
			);
			name = dating_app;
			productName = dating_app;
			productReference = E7432CDF1BF0651800874E19 /* dating_app.app */;
			productType = "com.apple.product-type.application";
		};
		E7432CF31BF0651900874E19 /* dating_appTests */ = {
			isa = PBXNativeTarget;
			buildConfigurationList = E7432D011BF0651900874E19 /* Build configuration list for PBXNativeTarget "dating_appTests" */;
			buildPhases = (
				E7432CF01BF0651900874E19 /* Sources */,
				E7432CF11BF0651900874E19 /* Frameworks */,
				E7432CF21BF0651900874E19 /* Resources */,
			);
			buildRules = (
			);
			dependencies = (
				E7432CF61BF0651900874E19 /* PBXTargetDependency */,
			);
			name = dating_appTests;
			productName = dating_appTests;
			productReference = E7432CF41BF0651900874E19 /* dating_appTests.xctest */;
			productType = "com.apple.product-type.bundle.unit-test";
		};
/* End PBXNativeTarget section */

/* Begin PBXProject section */
		E7432CD71BF0651800874E19 /* Project object */ = {
			isa = PBXProject;
			attributes = {
				LastUpgradeCheck = 0640;
				ORGANIZATIONNAME = ids;
				TargetAttributes = {
					E7432CDE1BF0651800874E19 = {
						CreatedOnToolsVersion = 6.4;
					};
					E7432CF31BF0651900874E19 = {
						CreatedOnToolsVersion = 6.4;
						TestTargetID = E7432CDE1BF0651800874E19;
					};
				};
			};
			buildConfigurationList = E7432CDA1BF0651800874E19 /* Build configuration list for PBXProject "dating_app" */;
			compatibilityVersion = "Xcode 3.2";
			developmentRegion = English;
			hasScannedForEncodings = 0;
			knownRegions = (
				en,
				Base,
			);
			mainGroup = E7432CD61BF0651800874E19;
			productRefGroup = E7432CE01BF0651800874E19 /* Products */;
			projectDirPath = "";
			projectRoot = "";
			targets = (
				E7432CDE1BF0651800874E19 /* dating_app */,
				E7432CF31BF0651900874E19 /* dating_appTests */,
			);
		};
/* End PBXProject section */

/* Begin PBXResourcesBuildPhase section */
		E7432CDD1BF0651800874E19 /* Resources */ = {
			isa = PBXResourcesBuildPhase;
			buildActionMask = 2147483647;
			files = (
				E7432CEA1BF0651800874E19 /* Main.storyboard in Resources */,
				E7432CEF1BF0651800874E19 /* LaunchScreen.xib in Resources */,
				E7432CEC1BF0651800874E19 /* Images.xcassets in Resources */,
			);
			runOnlyForDeploymentPostprocessing = 0;
		};
		E7432CF21BF0651900874E19 /* Resources */ = {
			isa = PBXResourcesBuildPhase;
			buildActionMask = 2147483647;
			files = (
			);
			runOnlyForDeploymentPostprocessing = 0;
		};
/* End PBXResourcesBuildPhase section */

/* Begin PBXSourcesBuildPhase section */
		E7432CDB1BF0651800874E19 /* Sources */ = {
			isa = PBXSourcesBuildPhase;
			buildActionMask = 2147483647;
			files = (
				E7432CE71BF0651800874E19 /* ViewController.swift in Sources */,
				E7432CE51BF0651800874E19 /* AppDelegate.swift in Sources */,
			);
			runOnlyForDeploymentPostprocessing = 0;
		};
		E7432CF01BF0651900874E19 /* Sources */ = {
			isa = PBXSourcesBuildPhase;
			buildActionMask = 2147483647;
			files = (
				E7432CFB1BF0651900874E19 /* dating_appTests.swift in Sources */,
			);
			runOnlyForDeploymentPostprocessing = 0;
		};
/* End PBXSourcesBuildPhase section */

/* Begin PBXTargetDependency section */
		E7432CF61BF0651900874E19 /* PBXTargetDependency */ = {
			isa = PBXTargetDependency;
			target = E7432CDE1BF0651800874E19 /* dating_app */;
			targetProxy = E7432CF51BF0651900874E19 /* PBXContainerItemProxy */;
		};
/* End PBXTargetDependency section */

/* Begin PBXVariantGroup section */
		E7432CE81BF0651800874E19 /* Main.storyboard */ = {
			isa = PBXVariantGroup;
			children = (
				E7432CE91BF0651800874E19 /* Base */,
			);
			name = Main.storyboard;
			sourceTree = "<group>";
		};
		E7432CED1BF0651800874E19 /* LaunchScreen.xib */ = {
			isa = PBXVariantGroup;
			children = (
				E7432CEE1BF0651800874E19 /* Base */,
			);
			name = LaunchScreen.xib;
			sourceTree = "<group>";
		};
/* End PBXVariantGroup section */

/* Begin XCBuildConfiguration section */
		E7432CFC1BF0651900874E19 /* Debug */ = {
			isa = XCBuildConfiguration;
			buildSettings = {
				ALWAYS_SEARCH_USER_PATHS = NO;
				CLANG_CXX_LANGUAGE_STANDARD = "gnu++0x";
				CLANG_CXX_LIBRARY = "libc++";
				CLANG_ENABLE_MODULES = YES;
				CLANG_ENABLE_OBJC_ARC = YES;
				CLANG_WARN_BOOL_CONVERSION = YES;
				CLANG_WARN_CONSTANT_CONVERSION = YES;
				CLANG_WARN_DIRECT_OBJC_ISA_USAGE = YES_ERROR;
				CLANG_WARN_EMPTY_BODY = YES;
				CLANG_WARN_ENUM_CONVERSION = YES;
				CLANG_WARN_INT_CONVERSION = YES;
				CLANG_WARN_OBJC_ROOT_CLASS = YES_ERROR;
				CLANG_WARN_UNREACHABLE_CODE = YES;
				CLANG_WARN__DUPLICATE_METHOD_MATCH = YES;
				"CODE_SIGN_IDENTITY[sdk=iphoneos*]" = "iPhone Developer";
				COPY_PHASE_STRIP = NO;
				DEBUG_INFORMATION_FORMAT = "dwarf-with-dsym";
				ENABLE_STRICT_OBJC_MSGSEND = YES;
				GCC_C_LANGUAGE_STANDARD = gnu99;
				GCC_DYNAMIC_NO_PIC = NO;
				GCC_NO_COMMON_BLOCKS = YES;
				GCC_OPTIMIZATION_LEVEL = 0;
				GCC_PREPROCESSOR_DEFINITIONS = (
					"DEBUG=1",
					"$(inherited)",
				);
				GCC_SYMBOLS_PRIVATE_EXTERN = NO;
				GCC_WARN_64_TO_32_BIT_CONVERSION = YES;
				GCC_WARN_ABOUT_RETURN_TYPE = YES_ERROR;
				GCC_WARN_UNDECLARED_SELECTOR = YES;
				GCC_WARN_UNINITIALIZED_AUTOS = YES_AGGRESSIVE;
				GCC_WARN_UNUSED_FUNCTION = YES;
				GCC_WARN_UNUSED_VARIABLE = YES;
				IPHONEOS_DEPLOYMENT_TARGET = 8.4;
				MTL_ENABLE_DEBUG_INFO = YES;
				ONLY_ACTIVE_ARCH = YES;
				SDKROOT = iphoneos;
				SWIFT_OPTIMIZATION_LEVEL = "-Onone";
			};
			name = Debug;
		};
		E7432CFD1BF0651900874E19 /* Release */ = {
			isa = XCBuildConfiguration;
			buildSettings = {
				ALWAYS_SEARCH_USER_PATHS = NO;
				CLANG_CXX_LANGUAGE_STANDARD = "gnu++0x";
				CLANG_CXX_LIBRARY = "libc++";
				CLANG_ENABLE_MODULES = YES;
				CLANG_ENABLE_OBJC_ARC = YES;
				CLANG_WARN_BOOL_CONVERSION = YES;
				CLANG_WARN_CONSTANT_CONVERSION = YES;
				CLANG_WARN_DIRECT_OBJC_ISA_USAGE = YES_ERROR;
				CLANG_WARN_EMPTY_BODY = YES;
				CLANG_WARN_ENUM_CONVERSION = YES;
				CLANG_WARN_INT_CONVERSION = YES;
				CLANG_WARN_OBJC_ROOT_CLASS = YES_ERROR;
				CLANG_WARN_UNREACHABLE_CODE = YES;
				CLANG_WARN__DUPLICATE_METHOD_MATCH = YES;
				"CODE_SIGN_IDENTITY[sdk=iphoneos*]" = "iPhone Developer";
				COPY_PHASE_STRIP = NO;
				DEBUG_INFORMATION_FORMAT = "dwarf-with-dsym";
				ENABLE_NS_ASSERTIONS = NO;
				ENABLE_STRICT_OBJC_MSGSEND = YES;
				GCC_C_LANGUAGE_STANDARD = gnu99;
				GCC_NO_COMMON_BLOCKS = YES;
				GCC_WARN_64_TO_32_BIT_CONVERSION = YES;
				GCC_WARN_ABOUT_RETURN_TYPE = YES_ERROR;
				GCC_WARN_UNDECLARED_SELECTOR = YES;
				GCC_WARN_UNINITIALIZED_AUTOS = YES_AGGRESSIVE;
				GCC_WARN_UNUSED_FUNCTION = YES;
				GCC_WARN_UNUSED_VARIABLE = YES;
				IPHONEOS_DEPLOYMENT_TARGET = 8.4;
				MTL_ENABLE_DEBUG_INFO = NO;
				SDKROOT = iphoneos;
				VALIDATE_PRODUCT = YES;
			};
			name = Release;
		};
		E7432CFF1BF0651900874E19 /* Debug */ = {
			isa = XCBuildConfiguration;
			buildSettings = {
				ASSETCATALOG_COMPILER_APPICON_NAME = AppIcon;
				INFOPLIST_FILE = dating_app/Info.plist;
				LD_RUNPATH_SEARCH_PATHS = "$(inherited) @executable_path/Frameworks";
				PRODUCT_NAME = "$(TARGET_NAME)";
			};
			name = Debug;
		};
		E7432D001BF0651900874E19 /* Release */ = {
			isa = XCBuildConfiguration;
			buildSettings = {
				ASSETCATALOG_COMPILER_APPICON_NAME = AppIcon;
				INFOPLIST_FILE = dating_app/Info.plist;
				LD_RUNPATH_SEARCH_PATHS = "$(inherited) @executable_path/Frameworks";
				PRODUCT_NAME = "$(TARGET_NAME)";
			};
			name = Release;
		};
		E7432D021BF0651900874E19 /* Debug */ = {
			isa = XCBuildConfiguration;
			buildSettings = {
				BUNDLE_LOADER = "$(TEST_HOST)";
				FRAMEWORK_SEARCH_PATHS = (
					"$(SDKROOT)/Developer/Library/Frameworks",
					"$(inherited)",
				);
				GCC_PREPROCESSOR_DEFINITIONS = (
					"DEBUG=1",
					"$(inherited)",
				);
				INFOPLIST_FILE = dating_appTests/Info.plist;
				LD_RUNPATH_SEARCH_PATHS = "$(inherited) @executable_path/Frameworks @loader_path/Frameworks";
				PRODUCT_NAME = "$(TARGET_NAME)";
				TEST_HOST = "$(BUILT_PRODUCTS_DIR)/dating_app.app/dating_app";
			};
			name = Debug;
		};
		E7432D031BF0651900874E19 /* Release */ = {
			isa = XCBuildConfiguration;
			buildSettings = {
				BUNDLE_LOADER = "$(TEST_HOST)";
				FRAMEWORK_SEARCH_PATHS = (
					"$(SDKROOT)/Developer/Library/Frameworks",
					"$(inherited)",
				);
				INFOPLIST_FILE = dating_appTests/Info.plist;
				LD_RUNPATH_SEARCH_PATHS = "$(inherited) @executable_path/Frameworks @loader_path/Frameworks";
				PRODUCT_NAME = "$(TARGET_NAME)";
				TEST_HOST = "$(BUILT_PRODUCTS_DIR)/dating_app.app/dating_app";
			};
			name = Release;
		};
/* End XCBuildConfiguration section */

/* Begin XCConfigurationList section */
		E7432CDA1BF0651800874E19 /* Build configuration list for PBXProject "dating_app" */ = {
			isa = XCConfigurationList;
			buildConfigurations = (
				E7432CFC1BF0651900874E19 /* Debug */,
				E7432CFD1BF0651900874E19 /* Release */,
			);
			defaultConfigurationIsVisible = 0;
			defaultConfigurationName = Release;
		};
		E7432CFE1BF0651900874E19 /* Build configuration list for PBXNativeTarget "dating_app" */ = {
			isa = XCConfigurationList;
			buildConfigurations = (
				E7432CFF1BF0651900874E19 /* Debug */,
				E7432D001BF0651900874E19 /* Release */,
			);
			defaultConfigurationIsVisible = 0;
		};
		E7432D011BF0651900874E19 /* Build configuration list for PBXNativeTarget "dating_appTests" */ = {
			isa = XCConfigurationList;
			buildConfigurations = (
				E7432D021BF0651900874E19 /* Debug */,
				E7432D031BF0651900874E19 /* Release */,
			);
			defaultConfigurationIsVisible = 0;
		};
/* End XCConfigurationList section */
	};
	rootObject = E7432CD71BF0651800874E19 /* Project object */;
}
